
Microsoft Visual Studio Solution File, Format Version 12.00
# Visual Studio Version 17
VisualStudioVersion = 17.3.32929.385
MinimumVisualStudioVersion = 10.0.40219.1
Project("{FAE04EC0-301F-11D3-BF4B-00C04F79EFBC}") = "Console3D", "Console3D\Console3D.csproj", "{611B301B-FA5C-40A3-862E-C80FE4686CDE}"
EndProject
Global
	GlobalSection(SolutionConfigurationPlatforms) = preSolution
		Debug|Any CPU = Debug|Any CPU
		Release|Any CPU = Release|Any CPU
	EndGlobalSection
	GlobalSection(ProjectConfigurationPlatforms) = postSolution
		{611B301B-FA5C-40A3-862E-C80FE4686CDE}.Debug|Any CPU.ActiveCfg = Debug|Any CPU
		{611B301B-FA5C-40A3-862E-C80FE4686CDE}.Debug|Any CPU.Build.0 = Debug|Any CPU
		{611B301B-FA5C-40A3-862E-C80FE4686CDE}.Release|Any CPU.ActiveCfg = Release|Any CPU
		{611B301B-FA5C-40A3-862E-C80FE4686CDE}.Release|Any CPU.Build.0 = Release|Any CPU
	EndGlobalSection
	GlobalSection(SolutionProperties) = preSolution
		HideSolutionNode = FALSE
	EndGlobalSection
	GlobalSection(ExtensibilityGlobals) = postSolution
		SolutionGuid = {09FACA1E-8661-4620-AA0D-9B23589C8E2D}
	EndGlobalSection
EndGlobal
